
Microsoft Visual Studio Solution File, Format Version 12.00
# Visual Studio Version 16
VisualStudioVersion = 16.0.29920.165
MinimumVisualStudioVersion = 10.0.40219.1
Project("{FAE04EC0-301F-11D3-BF4B-00C04F79EFBC}") = "WyszukiwanieP1", "WyszukiwanieP1\WyszukiwanieP1.csproj", "{DF43814D-EC06-48B4-A9FE-B274D8A8B8B6}"
EndProject
Global
	GlobalSection(SolutionConfigurationPlatforms) = preSolution
		Debug|Any CPU = Debug|Any CPU
		Release|Any CPU = Release|Any CPU
	EndGlobalSection
	GlobalSection(ProjectConfigurationPlatforms) = postSolution
		{DF43814D-EC06-48B4-A9FE-B274D8A8B8B6}.Debug|Any CPU.ActiveCfg = Debug|Any CPU
		{DF43814D-EC06-48B4-A9FE-B274D8A8B8B6}.Debug|Any CPU.Build.0 = Debug|Any CPU
		{DF43814D-EC06-48B4-A9FE-B274D8A8B8B6}.Release|Any CPU.ActiveCfg = Release|Any CPU
		{DF43814D-EC06-48B4-A9FE-B274D8A8B8B6}.Release|Any CPU.Build.0 = Release|Any CPU
	EndGlobalSection
	GlobalSection(SolutionProperties) = preSolution
		HideSolutionNode = FALSE
	EndGlobalSection
	GlobalSection(ExtensibilityGlobals) = postSolution
		SolutionGuid = {9B28DB21-276E-43CD-87F1-43CEC51A4254}
	EndGlobalSection
EndGlobal
